{
    "_meta": {
        "hash": {
            "sha256": "d3c3b7dc461b7b73c9d540799723b38c5213d51f7bfa34a8ae6dadce415b391c"
        },
        "pipfile-spec": 6,
        "requires": {
            "python_version": "3.11"
        },
        "sources": [
            {
                "name": "pypi",
                "url": "https://pypi.org/simple",
                "verify_ssl": true
            }
        ]
    },
    "default": {
        "tornado": {
            "hashes": [
                "sha256:02ccefc7d8211e5a7f9e8bc3f9e5b0ad6262ba2fbb683a6443ecc804e5224ce0",
                "sha256:10aeaa8006333433da48dec9fe417877f8bcc21f48dda8d661ae79da357b2a63",
                "sha256:27787de946a9cffd63ce5814c33f734c627a87072ec7eed71f7fc4417bb16263",
                "sha256:6f8a6c77900f5ae93d8b4ae1196472d0ccc2775cc1dfdc9e7727889145c45052",
                "sha256:71ddfc23a0e03ef2df1c1397d859868d158c8276a0603b96cf86892bff58149f",
                "sha256:72291fa6e6bc84e626589f1c29d90a5a6d593ef5ae68052ee2ef000dfd273dee",
                "sha256:88b84956273fbd73420e6d4b8d5ccbe913c65d31351b4c004ae362eba06e1f78",
                "sha256:e43bc2e5370a6a8e413e1e1cd0c91bedc5bd62a74a532371042a18ef19e10579",
                "sha256:f0251554cdd50b4b44362f73ad5ba7126fc5b2c2895cc62b14a1c2d7ea32f212",
                "sha256:f7894c581ecdcf91666a0912f18ce5e757213999e183ebfc2c3fdbf4d5bd764e",
                "sha256:fd03192e287fbd0899dd8f81c6fb9cbbc69194d2074b38f384cb6fa72b80e9c2"
            ],
            "index": "pypi",
            "markers": "python_version >= '3.8'",
            "version": "==6.4"
        }
    },
    "develop": {
        "altgraph": {
            "hashes": [
                "sha256:1b5afbb98f6c4dcadb2e2ae6ab9fa994bbb8c1d75f4fa96d340f9437ae454406",
                "sha256:642743b4750de17e655e6711601b077bc6598dbfa3ba5fa2b2a35ce12b508dff"
            ],
            "version": "==0.17.4"
        },
        "macholib": {
            "hashes": [
                "sha256:07ae9e15e8e4cd9a788013d81f5908b3609aa76f9b1421bae9c4d7606ec86a30",
                "sha256:0e315d7583d38b8c77e815b1ecbdbf504a8258d8b3e17b61165c6feb60d18f2c"
            ],
            "markers": "sys_platform == 'darwin'",
            "version": "==1.16.3"
        },
        "packaging": {
            "hashes": [
                "sha256:2ddfb553fdf02fb784c234c7ba6ccc288296ceabec964ad2eae3777778130bc5",
                "sha256:eb82c5e3e56209074766e6885bb04b8c38a0c015d0a30036ebe7ece34c9989e9"
            ],
            "markers": "python_version >= '3.7'",
            "version": "==24.0"
        },
        "pyinstaller": {
            "hashes": [
                "sha256:0dae0edbe6d667b6b0ccd8c97a148f86474a82da7ce582296f9025f4c7242ec6",
                "sha256:1b3b7d6d3b18d76a833fd5a4d7f4544c5e2c2a4db4a728ea191e62f69d5cc33c",
                "sha256:5f432f3fdef053989e0a44134e483131c533dab7637e6afd80c3f7c26e6dbcc9",
                "sha256:61865eee5e0d8f8252722f6d001baec497b7cee79ebe62c33a6ba86ba0c7010d",
                "sha256:6cfee8a74ea2d3a1dc8e99e732a87b314739dc14363778143caac31f8aee9039",
                "sha256:6ffd76a0194dac4df5e66dcfccc7b597f3eaa40ef9a3f63548f260aa2c187512",
                "sha256:7c76bfcb624803c311fa8fb137e4780d0ec86d11b7d90a8f43f185e2554afdcc",
                "sha256:81ec15c0deb8c7a0f95bea85b49eecc2df1bdeaf5fe487a41d97de6b0ad29dff",
                "sha256:9d828213aea5401bb33a36ca396f8dc76a59a25bce1d76a13c9ad94ba29fbe42",
                "sha256:a54968df2228f0128607b1dced41bbff94149d459987fb5cd1a41893e9bb85df",
                "sha256:b1e55113c5a40cb7041c908a57f212f3ebd3e444dbb245ca2f91d86a76dabec5",
                "sha256:e1266498893ce1d6cc7337e8d2acbf7905a10ed2b7c8377270117d6b7b922fc4"
            ],
            "index": "pypi",
            "markers": "python_version < '3.13' and python_version >= '3.8'",
            "version": "==6.5.0"
        },
        "pyinstaller-hooks-contrib": {
            "hashes": [
                "sha256:6701752d525e1f4eda1eaec2c2affc206171e15c7a4e188a152fcf3ed3308024",
                "sha256:d18657c29267c63563a96b8fc78db6ba9ae40af6702acb2f8c871df12c75b60b"
            ],
            "markers": "python_version >= '3.7'",
            "version": "==2024.3"
        },
        "setuptools": {
            "hashes": [
                "sha256:48c518e350470d98cfa2944a31edbfc897c9a7d8fa4847da66d89f0f5fb64b57",
                "sha256:e1fd0ca7ba442e4be8a415dcca867b8018777dd5f95f4492bb4dc7d77dbc8bd8"
            ],
            "markers": "python_version >= '3.8'",
            "version": "==69.3.0"
        }
    }
}
